
Microsoft Visual Studio Solution File, Format Version 12.00
# Visual Studio Version 17
VisualStudioVersion = 17.14.36212.18 d17.14
MinimumVisualStudioVersion = 10.0.40219.1
Project("{FAE04EC0-301F-11D3-BF4B-00C04F79EFBC}") = "School", "School\School.csproj", "{2284007F-9F0F-497D-97C7-374D77DC7B3E}"
EndProject
Global
	GlobalSection(SolutionConfigurationPlatforms) = preSolution
		Debug|Any CPU = Debug|Any CPU
		Release|Any CPU = Release|Any CPU
	EndGlobalSection
	GlobalSection(ProjectConfigurationPlatforms) = postSolution
		{2284007F-9F0F-497D-97C7-374D77DC7B3E}.Debug|Any CPU.ActiveCfg = Debug|Any CPU
		{2284007F-9F0F-497D-97C7-374D77DC7B3E}.Debug|Any CPU.Build.0 = Debug|Any CPU
		{2284007F-9F0F-497D-97C7-374D77DC7B3E}.Release|Any CPU.ActiveCfg = Release|Any CPU
		{2284007F-9F0F-497D-97C7-374D77DC7B3E}.Release|Any CPU.Build.0 = Release|Any CPU
	EndGlobalSection
	GlobalSection(SolutionProperties) = preSolution
		HideSolutionNode = FALSE
	EndGlobalSection
	GlobalSection(ExtensibilityGlobals) = postSolution
		SolutionGuid = {C59B4078-7D23-4587-9F46-04A2C39551B3}
	EndGlobalSection
EndGlobal
